{
  "nodes": {
    "hyprland-protocols": {
      "inputs": {
        "nixpkgs": [
          "xdg-portal-hyprland",
          "nixpkgs"
        ]
      },
      "locked": {
        "lastModified": 1681065697,
        "narHash": "sha256-QPzwwlGKX95tl6ZEshboZbEwwAXww6lNLdVYd6T9Mrc=",
        "owner": "hyprwm",
        "repo": "hyprland-protocols",
        "rev": "4d29e48433270a2af06b8bc711ca1fe5109746cd",
        "type": "github"
      },
      "original": {
        "owner": "hyprwm",
        "repo": "hyprland-protocols",
        "type": "github"
      }
    },
    "nixpkgs": {
      "locked": {
        "lastModified": 1682692304,
        "narHash": "sha256-9/lyXN2BpHw+1xE+D2ySBSLMCHWqiWu5tPHBMRDib8M=",
        "owner": "NixOS",
        "repo": "nixpkgs",
        "rev": "937a9d1ee7b1351d8c55fff6611a8edf6e7c1c37",
        "type": "github"
      },
      "original": {
        "owner": "NixOS",
        "ref": "nixos-unstable",
        "repo": "nixpkgs",
        "type": "github"
      }
    },
    "root": {
      "inputs": {
        "nixpkgs": "nixpkgs",
        "xdg-portal-hyprland": "xdg-portal-hyprland"
      }
    },
    "xdg-portal-hyprland": {
      "inputs": {
        "hyprland-protocols": "hyprland-protocols",
        "nixpkgs": [
          "nixpkgs"
        ]
      },
      "locked": {
        "lastModified": 1682439384,
        "narHash": "sha256-zHDa8LCZs05TZHQSIZ3ucwyMPglBGHcqTBzfkLjYXTM=",
        "owner": "hyprwm",
        "repo": "xdg-desktop-portal-hyprland",
        "rev": "c0e233955568fbea4e859336f6d3d14d51294d7c",
        "type": "github"
      },
      "original": {
        "owner": "hyprwm",
        "repo": "xdg-desktop-portal-hyprland",
        "type": "github"
      }
    }
  },
  "root": "root",
  "version": 7
}
