{
  "nodes": {
    "nixpkgs": {
      "locked": {
        "lastModified": 1677168952,
        "narHash": "sha256-iUK6GmeqKMQ3udQsTU6lLg3S2J4SBx8x38844VowL/k=",
        "owner": "NixOS",
        "repo": "nixpkgs",
        "rev": "750db5f5a8de9cff17c3907f7e4d78e0b9157976",
        "type": "github"
      },
      "original": {
        "owner": "NixOS",
        "ref": "release-22.11",
        "repo": "nixpkgs",
        "type": "github"
      }
    },
    "root": {
      "inputs": {
        "nixpkgs": "nixpkgs"
      }
    }
  },
  "root": "root",
  "version": 7
}
